
Microsoft Visual Studio Solution File, Format Version 12.00
# Visual Studio Version 17
VisualStudioVersion = 17.0.31919.166
MinimumVisualStudioVersion = 10.0.40219.1
Project("{FAE04EC0-301F-11D3-BF4B-00C04F79EFBC}") = "Workshop", "Workshop\Workshop.csproj", "{C345B4DC-D02C-44D7-BCB9-C9DF1E1E8463}"
EndProject
Global
	GlobalSection(SolutionConfigurationPlatforms) = preSolution
		Debug|Any CPU = Debug|Any CPU
		Release|Any CPU = Release|Any CPU
	EndGlobalSection
	GlobalSection(ProjectConfigurationPlatforms) = postSolution
		{C345B4DC-D02C-44D7-BCB9-C9DF1E1E8463}.Debug|Any CPU.ActiveCfg = Debug|Any CPU
		{C345B4DC-D02C-44D7-BCB9-C9DF1E1E8463}.Debug|Any CPU.Build.0 = Debug|Any CPU
		{C345B4DC-D02C-44D7-BCB9-C9DF1E1E8463}.Release|Any CPU.ActiveCfg = Release|Any CPU
		{C345B4DC-D02C-44D7-BCB9-C9DF1E1E8463}.Release|Any CPU.Build.0 = Release|Any CPU
	EndGlobalSection
	GlobalSection(SolutionProperties) = preSolution
		HideSolutionNode = FALSE
	EndGlobalSection
	GlobalSection(ExtensibilityGlobals) = postSolution
		SolutionGuid = {6E75A4EB-AFD3-4AF9-8ECD-B4F91E2B13B7}
	EndGlobalSection
EndGlobal
