
Microsoft Visual Studio Solution File, Format Version 12.00
# Visual Studio Version 17
VisualStudioVersion = 17.0.31912.275
MinimumVisualStudioVersion = 10.0.40219.1
Project("{FAE04EC0-301F-11D3-BF4B-00C04F79EFBC}") = "Double items", "Double items\Double items.csproj", "{F249DAAA-BCB7-4B69-A7B2-7B8F65180D70}"
EndProject
Global
	GlobalSection(SolutionConfigurationPlatforms) = preSolution
		Debug|Any CPU = Debug|Any CPU
		Release|Any CPU = Release|Any CPU
	EndGlobalSection
	GlobalSection(ProjectConfigurationPlatforms) = postSolution
		{F249DAAA-BCB7-4B69-A7B2-7B8F65180D70}.Debug|Any CPU.ActiveCfg = Debug|Any CPU
		{F249DAAA-BCB7-4B69-A7B2-7B8F65180D70}.Debug|Any CPU.Build.0 = Debug|Any CPU
		{F249DAAA-BCB7-4B69-A7B2-7B8F65180D70}.Release|Any CPU.ActiveCfg = Release|Any CPU
		{F249DAAA-BCB7-4B69-A7B2-7B8F65180D70}.Release|Any CPU.Build.0 = Release|Any CPU
	EndGlobalSection
	GlobalSection(SolutionProperties) = preSolution
		HideSolutionNode = FALSE
	EndGlobalSection
	GlobalSection(ExtensibilityGlobals) = postSolution
		SolutionGuid = {CB6CCF72-D3F9-423E-9626-3F804C67AF32}
	EndGlobalSection
EndGlobal
