
Microsoft Visual Studio Solution File, Format Version 12.00
# Visual Studio Version 17
VisualStudioVersion = 17.0.31912.275
MinimumVisualStudioVersion = 10.0.40219.1
Project("{FAE04EC0-301F-11D3-BF4B-00C04F79EFBC}") = "Cuboid", "Cuboid\Cuboid.csproj", "{2E0ACE42-05FD-4595-9979-5C4F194E191A}"
EndProject
Global
	GlobalSection(SolutionConfigurationPlatforms) = preSolution
		Debug|Any CPU = Debug|Any CPU
		Release|Any CPU = Release|Any CPU
	EndGlobalSection
	GlobalSection(ProjectConfigurationPlatforms) = postSolution
		{2E0ACE42-05FD-4595-9979-5C4F194E191A}.Debug|Any CPU.ActiveCfg = Debug|Any CPU
		{2E0ACE42-05FD-4595-9979-5C4F194E191A}.Debug|Any CPU.Build.0 = Debug|Any CPU
		{2E0ACE42-05FD-4595-9979-5C4F194E191A}.Release|Any CPU.ActiveCfg = Release|Any CPU
		{2E0ACE42-05FD-4595-9979-5C4F194E191A}.Release|Any CPU.Build.0 = Release|Any CPU
	EndGlobalSection
	GlobalSection(SolutionProperties) = preSolution
		HideSolutionNode = FALSE
	EndGlobalSection
	GlobalSection(ExtensibilityGlobals) = postSolution
		SolutionGuid = {6C449AA6-16C5-4189-AC02-7FD591B9E82E}
	EndGlobalSection
EndGlobal
