
Microsoft Visual Studio Solution File, Format Version 12.00
# Visual Studio Version 17
VisualStudioVersion = 17.0.31919.166
MinimumVisualStudioVersion = 10.0.40219.1
Project("{FAE04EC0-301F-11D3-BF4B-00C04F79EFBC}") = "Cloneable", "Cloneable\Cloneable.csproj", "{4011D1D8-9A05-4491-974F-6997DA29F3AA}"
EndProject
Global
	GlobalSection(SolutionConfigurationPlatforms) = preSolution
		Debug|Any CPU = Debug|Any CPU
		Release|Any CPU = Release|Any CPU
	EndGlobalSection
	GlobalSection(ProjectConfigurationPlatforms) = postSolution
		{4011D1D8-9A05-4491-974F-6997DA29F3AA}.Debug|Any CPU.ActiveCfg = Debug|Any CPU
		{4011D1D8-9A05-4491-974F-6997DA29F3AA}.Debug|Any CPU.Build.0 = Debug|Any CPU
		{4011D1D8-9A05-4491-974F-6997DA29F3AA}.Release|Any CPU.ActiveCfg = Release|Any CPU
		{4011D1D8-9A05-4491-974F-6997DA29F3AA}.Release|Any CPU.Build.0 = Release|Any CPU
	EndGlobalSection
	GlobalSection(SolutionProperties) = preSolution
		HideSolutionNode = FALSE
	EndGlobalSection
	GlobalSection(ExtensibilityGlobals) = postSolution
		SolutionGuid = {4D32730C-9105-444B-A44A-179224C44E08}
	EndGlobalSection
EndGlobal
