
Microsoft Visual Studio Solution File, Format Version 12.00
# Visual Studio Version 17
VisualStudioVersion = 17.0.31919.166
MinimumVisualStudioVersion = 10.0.40219.1
Project("{FAE04EC0-301F-11D3-BF4B-00C04F79EFBC}") = "Workshop2", "Workshop2\Workshop2.csproj", "{0109EB36-F36C-439C-966C-2D16D8438EE0}"
EndProject
Global
	GlobalSection(SolutionConfigurationPlatforms) = preSolution
		Debug|Any CPU = Debug|Any CPU
		Release|Any CPU = Release|Any CPU
	EndGlobalSection
	GlobalSection(ProjectConfigurationPlatforms) = postSolution
		{0109EB36-F36C-439C-966C-2D16D8438EE0}.Debug|Any CPU.ActiveCfg = Debug|Any CPU
		{0109EB36-F36C-439C-966C-2D16D8438EE0}.Debug|Any CPU.Build.0 = Debug|Any CPU
		{0109EB36-F36C-439C-966C-2D16D8438EE0}.Release|Any CPU.ActiveCfg = Release|Any CPU
		{0109EB36-F36C-439C-966C-2D16D8438EE0}.Release|Any CPU.Build.0 = Release|Any CPU
	EndGlobalSection
	GlobalSection(SolutionProperties) = preSolution
		HideSolutionNode = FALSE
	EndGlobalSection
	GlobalSection(ExtensibilityGlobals) = postSolution
		SolutionGuid = {B07A00B5-1E62-4D9B-9DCC-2DCE3412556C}
	EndGlobalSection
EndGlobal
