
Microsoft Visual Studio Solution File, Format Version 12.00
# Visual Studio Version 17
VisualStudioVersion = 17.0.31919.166
MinimumVisualStudioVersion = 10.0.40219.1
Project("{FAE04EC0-301F-11D3-BF4B-00C04F79EFBC}") = "QuizApplication", "QuizApplication\QuizApplication.csproj", "{C6FA2FC5-AD4F-415A-8AF9-3923E4AB548C}"
EndProject
Global
	GlobalSection(SolutionConfigurationPlatforms) = preSolution
		Debug|Any CPU = Debug|Any CPU
		Release|Any CPU = Release|Any CPU
	EndGlobalSection
	GlobalSection(ProjectConfigurationPlatforms) = postSolution
		{C6FA2FC5-AD4F-415A-8AF9-3923E4AB548C}.Debug|Any CPU.ActiveCfg = Debug|Any CPU
		{C6FA2FC5-AD4F-415A-8AF9-3923E4AB548C}.Debug|Any CPU.Build.0 = Debug|Any CPU
		{C6FA2FC5-AD4F-415A-8AF9-3923E4AB548C}.Release|Any CPU.ActiveCfg = Release|Any CPU
		{C6FA2FC5-AD4F-415A-8AF9-3923E4AB548C}.Release|Any CPU.Build.0 = Release|Any CPU
	EndGlobalSection
	GlobalSection(SolutionProperties) = preSolution
		HideSolutionNode = FALSE
	EndGlobalSection
	GlobalSection(ExtensibilityGlobals) = postSolution
		SolutionGuid = {8A81E8C5-30D1-4835-8D4A-5CA9398B1629}
	EndGlobalSection
EndGlobal
