
Microsoft Visual Studio Solution File, Format Version 12.00
# Visual Studio Version 17
VisualStudioVersion = 17.0.31912.275
MinimumVisualStudioVersion = 10.0.40219.1
Project("{FAE04EC0-301F-11D3-BF4B-00C04F79EFBC}") = "Bmi", "Bmi\Bmi.csproj", "{BE71ADBE-7325-4349-A8C9-3A4DE378BC26}"
EndProject
Global
	GlobalSection(SolutionConfigurationPlatforms) = preSolution
		Debug|Any CPU = Debug|Any CPU
		Release|Any CPU = Release|Any CPU
	EndGlobalSection
	GlobalSection(ProjectConfigurationPlatforms) = postSolution
		{BE71ADBE-7325-4349-A8C9-3A4DE378BC26}.Debug|Any CPU.ActiveCfg = Debug|Any CPU
		{BE71ADBE-7325-4349-A8C9-3A4DE378BC26}.Debug|Any CPU.Build.0 = Debug|Any CPU
		{BE71ADBE-7325-4349-A8C9-3A4DE378BC26}.Release|Any CPU.ActiveCfg = Release|Any CPU
		{BE71ADBE-7325-4349-A8C9-3A4DE378BC26}.Release|Any CPU.Build.0 = Release|Any CPU
	EndGlobalSection
	GlobalSection(SolutionProperties) = preSolution
		HideSolutionNode = FALSE
	EndGlobalSection
	GlobalSection(ExtensibilityGlobals) = postSolution
		SolutionGuid = {5F9CA093-C9D5-4033-AD98-5794BAF921BA}
	EndGlobalSection
EndGlobal
