
Microsoft Visual Studio Solution File, Format Version 12.00
# Visual Studio Version 17
VisualStudioVersion = 17.0.31912.275
MinimumVisualStudioVersion = 10.0.40219.1
Project("{FAE04EC0-301F-11D3-BF4B-00C04F79EFBC}") = "TwoNumbers", "TwoNumbers\TwoNumbers.csproj", "{0004B364-265D-4067-B6C5-5FC8087A704B}"
EndProject
Global
	GlobalSection(SolutionConfigurationPlatforms) = preSolution
		Debug|Any CPU = Debug|Any CPU
		Release|Any CPU = Release|Any CPU
	EndGlobalSection
	GlobalSection(ProjectConfigurationPlatforms) = postSolution
		{0004B364-265D-4067-B6C5-5FC8087A704B}.Debug|Any CPU.ActiveCfg = Debug|Any CPU
		{0004B364-265D-4067-B6C5-5FC8087A704B}.Debug|Any CPU.Build.0 = Debug|Any CPU
		{0004B364-265D-4067-B6C5-5FC8087A704B}.Release|Any CPU.ActiveCfg = Release|Any CPU
		{0004B364-265D-4067-B6C5-5FC8087A704B}.Release|Any CPU.Build.0 = Release|Any CPU
	EndGlobalSection
	GlobalSection(SolutionProperties) = preSolution
		HideSolutionNode = FALSE
	EndGlobalSection
	GlobalSection(ExtensibilityGlobals) = postSolution
		SolutionGuid = {CC511106-7477-422F-AA35-5142B5988FDC}
	EndGlobalSection
EndGlobal
