
Microsoft Visual Studio Solution File, Format Version 12.00
# Visual Studio Version 17
VisualStudioVersion = 17.0.31919.166
MinimumVisualStudioVersion = 10.0.40219.1
Project("{FAE04EC0-301F-11D3-BF4B-00C04F79EFBC}") = "Instruments to Stringed Instruments", "Instruments to Stringed Instruments\Instruments to Stringed Instruments.csproj", "{3EDAFD27-C697-4333-9732-71BF621D7A7F}"
EndProject
Global
	GlobalSection(SolutionConfigurationPlatforms) = preSolution
		Debug|Any CPU = Debug|Any CPU
		Release|Any CPU = Release|Any CPU
	EndGlobalSection
	GlobalSection(ProjectConfigurationPlatforms) = postSolution
		{3EDAFD27-C697-4333-9732-71BF621D7A7F}.Debug|Any CPU.ActiveCfg = Debug|Any CPU
		{3EDAFD27-C697-4333-9732-71BF621D7A7F}.Debug|Any CPU.Build.0 = Debug|Any CPU
		{3EDAFD27-C697-4333-9732-71BF621D7A7F}.Release|Any CPU.ActiveCfg = Release|Any CPU
		{3EDAFD27-C697-4333-9732-71BF621D7A7F}.Release|Any CPU.Build.0 = Release|Any CPU
	EndGlobalSection
	GlobalSection(SolutionProperties) = preSolution
		HideSolutionNode = FALSE
	EndGlobalSection
	GlobalSection(ExtensibilityGlobals) = postSolution
		SolutionGuid = {1E4AB1B6-59D1-4894-94BC-973A1D589EEE}
	EndGlobalSection
EndGlobal
