
Microsoft Visual Studio Solution File, Format Version 12.00
# Visual Studio Version 17
VisualStudioVersion = 17.0.31912.275
MinimumVisualStudioVersion = 10.0.40219.1
Project("{FAE04EC0-301F-11D3-BF4B-00C04F79EFBC}") = "MileToKmConverter", "MileToKmConverter\MileToKmConverter.csproj", "{314348A1-FE50-47EE-920F-584CBED36172}"
EndProject
Global
	GlobalSection(SolutionConfigurationPlatforms) = preSolution
		Debug|Any CPU = Debug|Any CPU
		Release|Any CPU = Release|Any CPU
	EndGlobalSection
	GlobalSection(ProjectConfigurationPlatforms) = postSolution
		{314348A1-FE50-47EE-920F-584CBED36172}.Debug|Any CPU.ActiveCfg = Debug|Any CPU
		{314348A1-FE50-47EE-920F-584CBED36172}.Debug|Any CPU.Build.0 = Debug|Any CPU
		{314348A1-FE50-47EE-920F-584CBED36172}.Release|Any CPU.ActiveCfg = Release|Any CPU
		{314348A1-FE50-47EE-920F-584CBED36172}.Release|Any CPU.Build.0 = Release|Any CPU
	EndGlobalSection
	GlobalSection(SolutionProperties) = preSolution
		HideSolutionNode = FALSE
	EndGlobalSection
	GlobalSection(ExtensibilityGlobals) = postSolution
		SolutionGuid = {5E05ECBE-BD10-4075-90A2-A80E26516581}
	EndGlobalSection
EndGlobal
